
Microsoft Visual Studio Solution File, Format Version 12.00
# Visual Studio 15
Project("{FAE04EC0-301F-11D3-BF4B-00C04F79EFBC}") = "Assembly-CSharp", "Assembly-CSharp.csproj", "{384DDFEF-D124-E930-8874-E44924DB42C0}"
EndProject
Project("{FAE04EC0-301F-11D3-BF4B-00C04F79EFBC}") = "Assembly-CSharp-Editor", "Assembly-CSharp-Editor.csproj", "{551A90C9-2984-DE68-E342-1B7858CB1E65}"
EndProject
Global
	GlobalSection(SolutionConfigurationPlatforms) = preSolution
		Debug|Any CPU = Debug|Any CPU
		Release|Any CPU = Release|Any CPU
	EndGlobalSection
	GlobalSection(ProjectConfigurationPlatforms) = postSolution
		{384DDFEF-D124-E930-8874-E44924DB42C0}.Debug|Any CPU.ActiveCfg = Debug|Any CPU
		{384DDFEF-D124-E930-8874-E44924DB42C0}.Debug|Any CPU.Build.0 = Debug|Any CPU
		{384DDFEF-D124-E930-8874-E44924DB42C0}.Release|Any CPU.ActiveCfg = Release|Any CPU
		{384DDFEF-D124-E930-8874-E44924DB42C0}.Release|Any CPU.Build.0 = Release|Any CPU
		{551A90C9-2984-DE68-E342-1B7858CB1E65}.Debug|Any CPU.ActiveCfg = Debug|Any CPU
		{551A90C9-2984-DE68-E342-1B7858CB1E65}.Debug|Any CPU.Build.0 = Debug|Any CPU
		{551A90C9-2984-DE68-E342-1B7858CB1E65}.Release|Any CPU.ActiveCfg = Release|Any CPU
		{551A90C9-2984-DE68-E342-1B7858CB1E65}.Release|Any CPU.Build.0 = Release|Any CPU
	EndGlobalSection
	GlobalSection(SolutionProperties) = preSolution
		HideSolutionNode = FALSE
	EndGlobalSection
EndGlobal
