
Microsoft Visual Studio Solution File, Format Version 12.00
# Visual Studio 15
Project("{FAE04EC0-301F-11D3-BF4B-00C04F79EFBC}") = "Assembly-CSharp", "Assembly-CSharp.csproj", "{7F05007B-AD62-DA2D-F730-A189DACD5285}"
EndProject
Project("{FAE04EC0-301F-11D3-BF4B-00C04F79EFBC}") = "Assembly-CSharp-firstpass", "Assembly-CSharp-firstpass.csproj", "{DDE7A93B-EA99-9519-2604-11B7074D1964}"
EndProject
Project("{FAE04EC0-301F-11D3-BF4B-00C04F79EFBC}") = "Assembly-CSharp-Editor", "Assembly-CSharp-Editor.csproj", "{D1332DB8-63D1-462F-F932-6FF0EED7262F}"
EndProject
Global
	GlobalSection(SolutionConfigurationPlatforms) = preSolution
		Debug|Any CPU = Debug|Any CPU
		Release|Any CPU = Release|Any CPU
	EndGlobalSection
	GlobalSection(ProjectConfigurationPlatforms) = postSolution
		{7F05007B-AD62-DA2D-F730-A189DACD5285}.Debug|Any CPU.ActiveCfg = Debug|Any CPU
		{7F05007B-AD62-DA2D-F730-A189DACD5285}.Debug|Any CPU.Build.0 = Debug|Any CPU
		{7F05007B-AD62-DA2D-F730-A189DACD5285}.Release|Any CPU.ActiveCfg = Release|Any CPU
		{7F05007B-AD62-DA2D-F730-A189DACD5285}.Release|Any CPU.Build.0 = Release|Any CPU
		{DDE7A93B-EA99-9519-2604-11B7074D1964}.Debug|Any CPU.ActiveCfg = Debug|Any CPU
		{DDE7A93B-EA99-9519-2604-11B7074D1964}.Debug|Any CPU.Build.0 = Debug|Any CPU
		{DDE7A93B-EA99-9519-2604-11B7074D1964}.Release|Any CPU.ActiveCfg = Release|Any CPU
		{DDE7A93B-EA99-9519-2604-11B7074D1964}.Release|Any CPU.Build.0 = Release|Any CPU
		{D1332DB8-63D1-462F-F932-6FF0EED7262F}.Debug|Any CPU.ActiveCfg = Debug|Any CPU
		{D1332DB8-63D1-462F-F932-6FF0EED7262F}.Debug|Any CPU.Build.0 = Debug|Any CPU
		{D1332DB8-63D1-462F-F932-6FF0EED7262F}.Release|Any CPU.ActiveCfg = Release|Any CPU
		{D1332DB8-63D1-462F-F932-6FF0EED7262F}.Release|Any CPU.Build.0 = Release|Any CPU
	EndGlobalSection
	GlobalSection(SolutionProperties) = preSolution
		HideSolutionNode = FALSE
	EndGlobalSection
	GlobalSection(MonoDevelopProperties) = preSolution
		StartupItem = Assembly-CSharp.csproj
	EndGlobalSection
EndGlobal
